
Microsoft Visual Studio Solution File, Format Version 12.00
# Visual Studio Version 16
VisualStudioVersion = 16.0.32413.511
MinimumVisualStudioVersion = 10.0.40219.1
Project("{FAE04EC0-301F-11D3-BF4B-00C04F79EFBC}") = "EasyBookFront", "EasyBookFront.csproj", "{6DB5D92E-CA17-4FC3-AE13-819EF7CD1FB3}"
EndProject
Global
	GlobalSection(SolutionConfigurationPlatforms) = preSolution
		Debug|Any CPU = Debug|Any CPU
		Release|Any CPU = Release|Any CPU
	EndGlobalSection
	GlobalSection(ProjectConfigurationPlatforms) = postSolution
		{6DB5D92E-CA17-4FC3-AE13-819EF7CD1FB3}.Debug|Any CPU.ActiveCfg = Debug|Any CPU
		{6DB5D92E-CA17-4FC3-AE13-819EF7CD1FB3}.Debug|Any CPU.Build.0 = Debug|Any CPU
		{6DB5D92E-CA17-4FC3-AE13-819EF7CD1FB3}.Release|Any CPU.ActiveCfg = Release|Any CPU
		{6DB5D92E-CA17-4FC3-AE13-819EF7CD1FB3}.Release|Any CPU.Build.0 = Release|Any CPU
	EndGlobalSection
	GlobalSection(SolutionProperties) = preSolution
		HideSolutionNode = FALSE
	EndGlobalSection
	GlobalSection(ExtensibilityGlobals) = postSolution
		SolutionGuid = {257F21E5-DC53-4C62-A654-6740AB9A20AC}
	EndGlobalSection
EndGlobal
